
Microsoft Visual Studio Solution File, Format Version 12.00
# Visual Studio 15
VisualStudioVersion = 15.0.27428.2005
MinimumVisualStudioVersion = 10.0.40219.1
Project("{2150E333-8FDC-42A3-9474-1A3956D46DE8}") = "NATIVE WIN32", "NATIVE WIN32", "{389460E8-ABF3-4D3D-B25D-BCE81400A4DA}"
EndProject
Project("{FAE04EC0-301F-11D3-BF4B-00C04F79EFBC}") = "FLRPC-native-win32", "FLRPC-native-win32\FLRPC-native-win32.csproj", "{92013E4E-A207-4000-99A8-57DCEE883272}"
EndProject
Project("{FAE04EC0-301F-11D3-BF4B-00C04F79EFBC}") = "rpc-win32", "rpc-win32\rpc-win32.csproj", "{D2013602-277D-4F7F-8C4F-433585EB01D8}"
EndProject
Project("{FAE04EC0-301F-11D3-BF4B-00C04F79EFBC}") = "ShortcutHelper", "ShortcutHelper\ShortcutHelper.csproj", "{AD2DCB31-5E2C-44FA-8ED7-10A871FAF73F}"
EndProject
Project("{FAE04EC0-301F-11D3-BF4B-00C04F79EFBC}") = "FLRPC-GUI", "FLRPC-GUI\FLRPC-GUI.csproj", "{F4FC9301-674D-43F0-A8C5-62AFEE8690A6}"
EndProject
Global
	GlobalSection(SolutionConfigurationPlatforms) = preSolution
		Debug|Any CPU = Debug|Any CPU
		Debug|x64 = Debug|x64
		Release|Any CPU = Release|Any CPU
		Release|x64 = Release|x64
	EndGlobalSection
	GlobalSection(ProjectConfigurationPlatforms) = postSolution
		{92013E4E-A207-4000-99A8-57DCEE883272}.Debug|Any CPU.ActiveCfg = Debug|Any CPU
		{92013E4E-A207-4000-99A8-57DCEE883272}.Debug|Any CPU.Build.0 = Debug|Any CPU
		{92013E4E-A207-4000-99A8-57DCEE883272}.Debug|x64.ActiveCfg = Debug|x64
		{92013E4E-A207-4000-99A8-57DCEE883272}.Debug|x64.Build.0 = Debug|x64
		{92013E4E-A207-4000-99A8-57DCEE883272}.Release|Any CPU.ActiveCfg = Release|Any CPU
		{92013E4E-A207-4000-99A8-57DCEE883272}.Release|Any CPU.Build.0 = Release|Any CPU
		{92013E4E-A207-4000-99A8-57DCEE883272}.Release|x64.ActiveCfg = Release|x64
		{92013E4E-A207-4000-99A8-57DCEE883272}.Release|x64.Build.0 = Release|x64
		{D2013602-277D-4F7F-8C4F-433585EB01D8}.Debug|Any CPU.ActiveCfg = Debug|Any CPU
		{D2013602-277D-4F7F-8C4F-433585EB01D8}.Debug|Any CPU.Build.0 = Debug|Any CPU
		{D2013602-277D-4F7F-8C4F-433585EB01D8}.Debug|x64.ActiveCfg = Debug|Any CPU
		{D2013602-277D-4F7F-8C4F-433585EB01D8}.Debug|x64.Build.0 = Debug|Any CPU
		{D2013602-277D-4F7F-8C4F-433585EB01D8}.Release|Any CPU.ActiveCfg = Release|Any CPU
		{D2013602-277D-4F7F-8C4F-433585EB01D8}.Release|Any CPU.Build.0 = Release|Any CPU
		{D2013602-277D-4F7F-8C4F-433585EB01D8}.Release|x64.ActiveCfg = Release|Any CPU
		{D2013602-277D-4F7F-8C4F-433585EB01D8}.Release|x64.Build.0 = Release|Any CPU
		{AD2DCB31-5E2C-44FA-8ED7-10A871FAF73F}.Debug|Any CPU.ActiveCfg = Debug|Any CPU
		{AD2DCB31-5E2C-44FA-8ED7-10A871FAF73F}.Debug|Any CPU.Build.0 = Debug|Any CPU
		{AD2DCB31-5E2C-44FA-8ED7-10A871FAF73F}.Debug|x64.ActiveCfg = Debug|Any CPU
		{AD2DCB31-5E2C-44FA-8ED7-10A871FAF73F}.Debug|x64.Build.0 = Debug|Any CPU
		{AD2DCB31-5E2C-44FA-8ED7-10A871FAF73F}.Release|Any CPU.ActiveCfg = Release|Any CPU
		{AD2DCB31-5E2C-44FA-8ED7-10A871FAF73F}.Release|Any CPU.Build.0 = Release|Any CPU
		{AD2DCB31-5E2C-44FA-8ED7-10A871FAF73F}.Release|x64.ActiveCfg = Release|Any CPU
		{AD2DCB31-5E2C-44FA-8ED7-10A871FAF73F}.Release|x64.Build.0 = Release|Any CPU
		{F4FC9301-674D-43F0-A8C5-62AFEE8690A6}.Debug|Any CPU.ActiveCfg = Debug|Any CPU
		{F4FC9301-674D-43F0-A8C5-62AFEE8690A6}.Debug|Any CPU.Build.0 = Debug|Any CPU
		{F4FC9301-674D-43F0-A8C5-62AFEE8690A6}.Debug|x64.ActiveCfg = Debug|Any CPU
		{F4FC9301-674D-43F0-A8C5-62AFEE8690A6}.Debug|x64.Build.0 = Debug|Any CPU
		{F4FC9301-674D-43F0-A8C5-62AFEE8690A6}.Release|Any CPU.ActiveCfg = Release|Any CPU
		{F4FC9301-674D-43F0-A8C5-62AFEE8690A6}.Release|Any CPU.Build.0 = Release|Any CPU
		{F4FC9301-674D-43F0-A8C5-62AFEE8690A6}.Release|x64.ActiveCfg = Release|Any CPU
		{F4FC9301-674D-43F0-A8C5-62AFEE8690A6}.Release|x64.Build.0 = Release|Any CPU
	EndGlobalSection
	GlobalSection(SolutionProperties) = preSolution
		HideSolutionNode = FALSE
	EndGlobalSection
	GlobalSection(NestedProjects) = preSolution
		{92013E4E-A207-4000-99A8-57DCEE883272} = {389460E8-ABF3-4D3D-B25D-BCE81400A4DA}
		{D2013602-277D-4F7F-8C4F-433585EB01D8} = {389460E8-ABF3-4D3D-B25D-BCE81400A4DA}
	EndGlobalSection
	GlobalSection(ExtensibilityGlobals) = postSolution
		SolutionGuid = {1117F7A9-8227-4012-8E93-A429740D6B3A}
	EndGlobalSection
EndGlobal
